// !$*UTF8*$!
{
	archiveVersion = 1;
	classes = {
	};
	objectVersion = 55;
	objects = {

/* Begin PBXBuildFile section */
		FAADC23A2873519E006CCF65 /* MyFirstIOSAppApp.swift in Sources */ = {isa = PBXBuildFile; fileRef = FAADC2392873519E006CCF65 /* MyFirstIOSAppApp.swift */; };
		FAADC23C2873519E006CCF65 /* ContentView.swift in Sources */ = {isa = PBXBuildFile; fileRef = FAADC23B2873519E006CCF65 /* ContentView.swift */; };
		FAADC23E287351A0006CCF65 /* Assets.xcassets in Resources */ = {isa = PBXBuildFile; fileRef = FAADC23D287351A0006CCF65 /* Assets.xcassets */; };
		FAADC241287351A0006CCF65 /* Preview Assets.xcassets in Resources */ = {isa = PBXBuildFile; fileRef = FAADC240287351A0006CCF65 /* Preview Assets.xcassets */; };
		FADBEA6C2874288E006ECB30 /* DetailView.swift in Sources */ = {isa = PBXBuildFile; fileRef = FADBEA6B2874288E006ECB30 /* DetailView.swift */; };
		FADBEA6E28742C5B006ECB30 /* CardView.swift in Sources */ = {isa = PBXBuildFile; fileRef = FADBEA6D28742C5B006ECB30 /* CardView.swift */; };
		FADBEA7028742CBB006ECB30 /* HomeView.swift in Sources */ = {isa = PBXBuildFile; fileRef = FADBEA6F28742CBB006ECB30 /* HomeView.swift */; };
		FADBEA7228743B52006ECB30 /* ListView.swift in Sources */ = {isa = PBXBuildFile; fileRef = FADBEA7128743B52006ECB30 /* ListView.swift */; };
		FADBEA7428743ED7006ECB30 /* ListItem.swift in Sources */ = {isa = PBXBuildFile; fileRef = FADBEA7328743ED7006ECB30 /* ListItem.swift */; };
		FADBEA79287444C0006ECB30 /* Data.swift in Sources */ = {isa = PBXBuildFile; fileRef = FADBEA78287444C0006ECB30 /* Data.swift */; };
		FADBEA7B28745324006ECB30 /* SmallCardView.swift in Sources */ = {isa = PBXBuildFile; fileRef = FADBEA7A28745324006ECB30 /* SmallCardView.swift */; };
/* End PBXBuildFile section */

/* Begin PBXFileReference section */
		FAADC2362873519E006CCF65 /* MyFirstIOSApp.app */ = {isa = PBXFileReference; explicitFileType = wrapper.application; includeInIndex = 0; path = MyFirstIOSApp.app; sourceTree = BUILT_PRODUCTS_DIR; };
		FAADC2392873519E006CCF65 /* MyFirstIOSAppApp.swift */ = {isa = PBXFileReference; lastKnownFileType = sourcecode.swift; path = MyFirstIOSAppApp.swift; sourceTree = "<group>"; };
		FAADC23B2873519E006CCF65 /* ContentView.swift */ = {isa = PBXFileReference; lastKnownFileType = sourcecode.swift; path = ContentView.swift; sourceTree = "<group>"; };
		FAADC23D287351A0006CCF65 /* Assets.xcassets */ = {isa = PBXFileReference; lastKnownFileType = folder.assetcatalog; path = Assets.xcassets; sourceTree = "<group>"; };
		FAADC240287351A0006CCF65 /* Preview Assets.xcassets */ = {isa = PBXFileReference; lastKnownFileType = folder.assetcatalog; path = "Preview Assets.xcassets"; sourceTree = "<group>"; };
		FADBEA6B2874288E006ECB30 /* DetailView.swift */ = {isa = PBXFileReference; lastKnownFileType = sourcecode.swift; path = DetailView.swift; sourceTree = "<group>"; };
		FADBEA6D28742C5B006ECB30 /* CardView.swift */ = {isa = PBXFileReference; lastKnownFileType = sourcecode.swift; path = CardView.swift; sourceTree = "<group>"; };
		FADBEA6F28742CBB006ECB30 /* HomeView.swift */ = {isa = PBXFileReference; lastKnownFileType = sourcecode.swift; path = HomeView.swift; sourceTree = "<group>"; };
		FADBEA7128743B52006ECB30 /* ListView.swift */ = {isa = PBXFileReference; lastKnownFileType = sourcecode.swift; path = ListView.swift; sourceTree = "<group>"; };
		FADBEA7328743ED7006ECB30 /* ListItem.swift */ = {isa = PBXFileReference; lastKnownFileType = sourcecode.swift; path = ListItem.swift; sourceTree = "<group>"; };
		FADBEA78287444C0006ECB30 /* Data.swift */ = {isa = PBXFileReference; lastKnownFileType = sourcecode.swift; path = Data.swift; sourceTree = "<group>"; };
		FADBEA7A28745324006ECB30 /* SmallCardView.swift */ = {isa = PBXFileReference; lastKnownFileType = sourcecode.swift; path = SmallCardView.swift; sourceTree = "<group>"; };
/* End PBXFileReference section */

/* Begin PBXFrameworksBuildPhase section */
		FAADC2332873519E006CCF65 /* Frameworks */ = {
			isa = PBXFrameworksBuildPhase;
			buildActionMask = 2147483647;
			files = (
			);
			runOnlyForDeploymentPostprocessing = 0;
		};
/* End PBXFrameworksBuildPhase section */

/* Begin PBXGroup section */
		FAADC22D2873519E006CCF65 = {
			isa = PBXGroup;
			children = (
				FAADC2382873519E006CCF65 /* MyFirstIOSApp */,
				FAADC2372873519E006CCF65 /* Products */,
			);
			sourceTree = "<group>";
		};
		FAADC2372873519E006CCF65 /* Products */ = {
			isa = PBXGroup;
			children = (
				FAADC2362873519E006CCF65 /* MyFirstIOSApp.app */,
			);
			name = Products;
			sourceTree = "<group>";
		};
		FAADC2382873519E006CCF65 /* MyFirstIOSApp */ = {
			isa = PBXGroup;
			children = (
				FAADC2392873519E006CCF65 /* MyFirstIOSAppApp.swift */,
				FADBEA78287444C0006ECB30 /* Data.swift */,
				FADBEA75287443F3006ECB30 /* Navigation */,
				FADBEA762874440F006ECB30 /* Views */,
				FADBEA7728744437006ECB30 /* Components */,
				FAADC23D287351A0006CCF65 /* Assets.xcassets */,
				FAADC23F287351A0006CCF65 /* Preview Content */,
			);
			path = MyFirstIOSApp;
			sourceTree = "<group>";
		};
		FAADC23F287351A0006CCF65 /* Preview Content */ = {
			isa = PBXGroup;
			children = (
				FAADC240287351A0006CCF65 /* Preview Assets.xcassets */,
			);
			path = "Preview Content";
			sourceTree = "<group>";
		};
		FADBEA75287443F3006ECB30 /* Navigation */ = {
			isa = PBXGroup;
			children = (
				FAADC23B2873519E006CCF65 /* ContentView.swift */,
			);
			path = Navigation;
			sourceTree = "<group>";
		};
		FADBEA762874440F006ECB30 /* Views */ = {
			isa = PBXGroup;
			children = (
				FADBEA6F28742CBB006ECB30 /* HomeView.swift */,
				FADBEA6B2874288E006ECB30 /* DetailView.swift */,
				FADBEA7128743B52006ECB30 /* ListView.swift */,
			);
			path = Views;
			sourceTree = "<group>";
		};
		FADBEA7728744437006ECB30 /* Components */ = {
			isa = PBXGroup;
			children = (
				FADBEA6D28742C5B006ECB30 /* CardView.swift */,
				FADBEA7328743ED7006ECB30 /* ListItem.swift */,
				FADBEA7A28745324006ECB30 /* SmallCardView.swift */,
			);
			path = Components;
			sourceTree = "<group>";
		};
/* End PBXGroup section */

/* Begin PBXNativeTarget section */
		FAADC2352873519E006CCF65 /* MyFirstIOSApp */ = {
			isa = PBXNativeTarget;
			buildConfigurationList = FAADC244287351A0006CCF65 /* Build configuration list for PBXNativeTarget "MyFirstIOSApp" */;
			buildPhases = (
				FAADC2322873519E006CCF65 /* Sources */,
				FAADC2332873519E006CCF65 /* Frameworks */,
				FAADC2342873519E006CCF65 /* Resources */,
			);
			buildRules = (
			);
			dependencies = (
			);
			name = MyFirstIOSApp;
			productName = MyFirstIOSApp;
			productReference = FAADC2362873519E006CCF65 /* MyFirstIOSApp.app */;
			productType = "com.apple.product-type.application";
		};
/* End PBXNativeTarget section */

/* Begin PBXProject section */
		FAADC22E2873519E006CCF65 /* Project object */ = {
			isa = PBXProject;
			attributes = {
				BuildIndependentTargetsInParallel = 1;
				LastSwiftUpdateCheck = 1330;
				LastUpgradeCheck = 1330;
				TargetAttributes = {
					FAADC2352873519E006CCF65 = {
						CreatedOnToolsVersion = 13.3.1;
					};
				};
			};
			buildConfigurationList = FAADC2312873519E006CCF65 /* Build configuration list for PBXProject "MyFirstIOSApp" */;
			compatibilityVersion = "Xcode 13.0";
			developmentRegion = en;
			hasScannedForEncodings = 0;
			knownRegions = (
				en,
				Base,
			);
			mainGroup = FAADC22D2873519E006CCF65;
			productRefGroup = FAADC2372873519E006CCF65 /* Products */;
			projectDirPath = "";
			projectRoot = "";
			targets = (
				FAADC2352873519E006CCF65 /* MyFirstIOSApp */,
			);
		};
/* End PBXProject section */

/* Begin PBXResourcesBuildPhase section */
		FAADC2342873519E006CCF65 /* Resources */ = {
			isa = PBXResourcesBuildPhase;
			buildActionMask = 2147483647;
			files = (
				FAADC241287351A0006CCF65 /* Preview Assets.xcassets in Resources */,
				FAADC23E287351A0006CCF65 /* Assets.xcassets in Resources */,
			);
			runOnlyForDeploymentPostprocessing = 0;
		};
/* End PBXResourcesBuildPhase section */

/* Begin PBXSourcesBuildPhase section */
		FAADC2322873519E006CCF65 /* Sources */ = {
			isa = PBXSourcesBuildPhase;
			buildActionMask = 2147483647;
			files = (
				FAADC23C2873519E006CCF65 /* ContentView.swift in Sources */,
				FADBEA7B28745324006ECB30 /* SmallCardView.swift in Sources */,
				FADBEA7428743ED7006ECB30 /* ListItem.swift in Sources */,
				FADBEA6C2874288E006ECB30 /* DetailView.swift in Sources */,
				FADBEA7228743B52006ECB30 /* ListView.swift in Sources */,
				FADBEA6E28742C5B006ECB30 /* CardView.swift in Sources */,
				FADBEA7028742CBB006ECB30 /* HomeView.swift in Sources */,
				FAADC23A2873519E006CCF65 /* MyFirstIOSAppApp.swift in Sources */,
				FADBEA79287444C0006ECB30 /* Data.swift in Sources */,
			);
			runOnlyForDeploymentPostprocessing = 0;
		};
/* End PBXSourcesBuildPhase section */

/* Begin XCBuildConfiguration section */
		FAADC242287351A0006CCF65 /* Debug */ = {
			isa = XCBuildConfiguration;
			buildSettings = {
				ALWAYS_SEARCH_USER_PATHS = NO;
				CLANG_ANALYZER_NONNULL = YES;
				CLANG_ANALYZER_NUMBER_OBJECT_CONVERSION = YES_AGGRESSIVE;
				CLANG_CXX_LANGUAGE_STANDARD = "gnu++17";
				CLANG_ENABLE_MODULES = YES;
				CLANG_ENABLE_OBJC_ARC = YES;
				CLANG_ENABLE_OBJC_WEAK = YES;
				CLANG_WARN_BLOCK_CAPTURE_AUTORELEASING = YES;
				CLANG_WARN_BOOL_CONVERSION = YES;
				CLANG_WARN_COMMA = YES;
				CLANG_WARN_CONSTANT_CONVERSION = YES;
				CLANG_WARN_DEPRECATED_OBJC_IMPLEMENTATIONS = YES;
				CLANG_WARN_DIRECT_OBJC_ISA_USAGE = YES_ERROR;
				CLANG_WARN_DOCUMENTATION_COMMENTS = YES;
				CLANG_WARN_EMPTY_BODY = YES;
				CLANG_WARN_ENUM_CONVERSION = YES;
				CLANG_WARN_INFINITE_RECURSION = YES;
				CLANG_WARN_INT_CONVERSION = YES;
				CLANG_WARN_NON_LITERAL_NULL_CONVERSION = YES;
				CLANG_WARN_OBJC_IMPLICIT_RETAIN_SELF = YES;
				CLANG_WARN_OBJC_LITERAL_CONVERSION = YES;
				CLANG_WARN_OBJC_ROOT_CLASS = YES_ERROR;
				CLANG_WARN_QUOTED_INCLUDE_IN_FRAMEWORK_HEADER = YES;
				CLANG_WARN_RANGE_LOOP_ANALYSIS = YES;
				CLANG_WARN_STRICT_PROTOTYPES = YES;
				CLANG_WARN_SUSPICIOUS_MOVE = YES;
				CLANG_WARN_UNGUARDED_AVAILABILITY = YES_AGGRESSIVE;
				CLANG_WARN_UNREACHABLE_CODE = YES;
				CLANG_WARN__DUPLICATE_METHOD_MATCH = YES;
				COPY_PHASE_STRIP = NO;
				DEBUG_INFORMATION_FORMAT = dwarf;
				ENABLE_STRICT_OBJC_MSGSEND = YES;
				ENABLE_TESTABILITY = YES;
				GCC_C_LANGUAGE_STANDARD = gnu11;
				GCC_DYNAMIC_NO_PIC = NO;
				GCC_NO_COMMON_BLOCKS = YES;
				GCC_OPTIMIZATION_LEVEL = 0;
				GCC_PREPROCESSOR_DEFINITIONS = (
					"DEBUG=1",
					"$(inherited)",
				);
				GCC_WARN_64_TO_32_BIT_CONVERSION = YES;
				GCC_WARN_ABOUT_RETURN_TYPE = YES_ERROR;
				GCC_WARN_UNDECLARED_SELECTOR = YES;
				GCC_WARN_UNINITIALIZED_AUTOS = YES_AGGRESSIVE;
				GCC_WARN_UNUSED_FUNCTION = YES;
				GCC_WARN_UNUSED_VARIABLE = YES;
				IPHONEOS_DEPLOYMENT_TARGET = 15.4;
				MTL_ENABLE_DEBUG_INFO = INCLUDE_SOURCE;
				MTL_FAST_MATH = YES;
				ONLY_ACTIVE_ARCH = YES;
				SDKROOT = iphoneos;
				SWIFT_ACTIVE_COMPILATION_CONDITIONS = DEBUG;
				SWIFT_OPTIMIZATION_LEVEL = "-Onone";
			};
			name = Debug;
		};
		FAADC243287351A0006CCF65 /* Release */ = {
			isa = XCBuildConfiguration;
			buildSettings = {
				ALWAYS_SEARCH_USER_PATHS = NO;
				CLANG_ANALYZER_NONNULL = YES;
				CLANG_ANALYZER_NUMBER_OBJECT_CONVERSION = YES_AGGRESSIVE;
				CLANG_CXX_LANGUAGE_STANDARD = "gnu++17";
				CLANG_ENABLE_MODULES = YES;
				CLANG_ENABLE_OBJC_ARC = YES;
				CLANG_ENABLE_OBJC_WEAK = YES;
				CLANG_WARN_BLOCK_CAPTURE_AUTORELEASING = YES;
				CLANG_WARN_BOOL_CONVERSION = YES;
				CLANG_WARN_COMMA = YES;
				CLANG_WARN_CONSTANT_CONVERSION = YES;
				CLANG_WARN_DEPRECATED_OBJC_IMPLEMENTATIONS = YES;
				CLANG_WARN_DIRECT_OBJC_ISA_USAGE = YES_ERROR;
				CLANG_WARN_DOCUMENTATION_COMMENTS = YES;
				CLANG_WARN_EMPTY_BODY = YES;
				CLANG_WARN_ENUM_CONVERSION = YES;
				CLANG_WARN_INFINITE_RECURSION = YES;
				CLANG_WARN_INT_CONVERSION = YES;
				CLANG_WARN_NON_LITERAL_NULL_CONVERSION = YES;
				CLANG_WARN_OBJC_IMPLICIT_RETAIN_SELF = YES;
				CLANG_WARN_OBJC_LITERAL_CONVERSION = YES;
				CLANG_WARN_OBJC_ROOT_CLASS = YES_ERROR;
				CLANG_WARN_QUOTED_INCLUDE_IN_FRAMEWORK_HEADER = YES;
				CLANG_WARN_RANGE_LOOP_ANALYSIS = YES;
				CLANG_WARN_STRICT_PROTOTYPES = YES;
				CLANG_WARN_SUSPICIOUS_MOVE = YES;
				CLANG_WARN_UNGUARDED_AVAILABILITY = YES_AGGRESSIVE;
				CLANG_WARN_UNREACHABLE_CODE = YES;
				CLANG_WARN__DUPLICATE_METHOD_MATCH = YES;
				COPY_PHASE_STRIP = NO;
				DEBUG_INFORMATION_FORMAT = "dwarf-with-dsym";
				ENABLE_NS_ASSERTIONS = NO;
				ENABLE_STRICT_OBJC_MSGSEND = YES;
				GCC_C_LANGUAGE_STANDARD = gnu11;
				GCC_NO_COMMON_BLOCKS = YES;
				GCC_WARN_64_TO_32_BIT_CONVERSION = YES;
				GCC_WARN_ABOUT_RETURN_TYPE = YES_ERROR;
				GCC_WARN_UNDECLARED_SELECTOR = YES;
				GCC_WARN_UNINITIALIZED_AUTOS = YES_AGGRESSIVE;
				GCC_WARN_UNUSED_FUNCTION = YES;
				GCC_WARN_UNUSED_VARIABLE = YES;
				IPHONEOS_DEPLOYMENT_TARGET = 15.4;
				MTL_ENABLE_DEBUG_INFO = NO;
				MTL_FAST_MATH = YES;
				SDKROOT = iphoneos;
				SWIFT_COMPILATION_MODE = wholemodule;
				SWIFT_OPTIMIZATION_LEVEL = "-O";
				VALIDATE_PRODUCT = YES;
			};
			name = Release;
		};
		FAADC245287351A0006CCF65 /* Debug */ = {
			isa = XCBuildConfiguration;
			buildSettings = {
				ASSETCATALOG_COMPILER_APPICON_NAME = AppIcon;
				ASSETCATALOG_COMPILER_GLOBAL_ACCENT_COLOR_NAME = AccentColor;
				CODE_SIGN_STYLE = Automatic;
				CURRENT_PROJECT_VERSION = 1;
				DEVELOPMENT_ASSET_PATHS = "\"MyFirstIOSApp/Preview Content\"";
				DEVELOPMENT_TEAM = PR5P635P68;
				ENABLE_PREVIEWS = YES;
				GENERATE_INFOPLIST_FILE = YES;
				INFOPLIST_KEY_UIApplicationSceneManifest_Generation = YES;
				INFOPLIST_KEY_UIApplicationSupportsIndirectInputEvents = YES;
				INFOPLIST_KEY_UILaunchScreen_Generation = YES;
				INFOPLIST_KEY_UISupportedInterfaceOrientations_iPad = "UIInterfaceOrientationPortrait UIInterfaceOrientationPortraitUpsideDown UIInterfaceOrientationLandscapeLeft UIInterfaceOrientationLandscapeRight";
				INFOPLIST_KEY_UISupportedInterfaceOrientations_iPhone = "UIInterfaceOrientationPortrait UIInterfaceOrientationLandscapeLeft UIInterfaceOrientationLandscapeRight";
				LD_RUNPATH_SEARCH_PATHS = (
					"$(inherited)",
					"@executable_path/Frameworks",
				);
				MARKETING_VERSION = 1.0;
				PRODUCT_BUNDLE_IDENTIFIER = don.hardy.MyFirstIOSApp;
				PRODUCT_NAME = "$(TARGET_NAME)";
				SWIFT_EMIT_LOC_STRINGS = YES;
				SWIFT_VERSION = 5.0;
				TARGETED_DEVICE_FAMILY = "1,2";
			};
			name = Debug;
		};
		FAADC246287351A0006CCF65 /* Release */ = {
			isa = XCBuildConfiguration;
			buildSettings = {
				ASSETCATALOG_COMPILER_APPICON_NAME = AppIcon;
				ASSETCATALOG_COMPILER_GLOBAL_ACCENT_COLOR_NAME = AccentColor;
				CODE_SIGN_STYLE = Automatic;
				CURRENT_PROJECT_VERSION = 1;
				DEVELOPMENT_ASSET_PATHS = "\"MyFirstIOSApp/Preview Content\"";
				DEVELOPMENT_TEAM = PR5P635P68;
				ENABLE_PREVIEWS = YES;
				GENERATE_INFOPLIST_FILE = YES;
				INFOPLIST_KEY_UIApplicationSceneManifest_Generation = YES;
				INFOPLIST_KEY_UIApplicationSupportsIndirectInputEvents = YES;
				INFOPLIST_KEY_UILaunchScreen_Generation = YES;
				INFOPLIST_KEY_UISupportedInterfaceOrientations_iPad = "UIInterfaceOrientationPortrait UIInterfaceOrientationPortraitUpsideDown UIInterfaceOrientationLandscapeLeft UIInterfaceOrientationLandscapeRight";
				INFOPLIST_KEY_UISupportedInterfaceOrientations_iPhone = "UIInterfaceOrientationPortrait UIInterfaceOrientationLandscapeLeft UIInterfaceOrientationLandscapeRight";
				LD_RUNPATH_SEARCH_PATHS = (
					"$(inherited)",
					"@executable_path/Frameworks",
				);
				MARKETING_VERSION = 1.0;
				PRODUCT_BUNDLE_IDENTIFIER = don.hardy.MyFirstIOSApp;
				PRODUCT_NAME = "$(TARGET_NAME)";
				SWIFT_EMIT_LOC_STRINGS = YES;
				SWIFT_VERSION = 5.0;
				TARGETED_DEVICE_FAMILY = "1,2";
			};
			name = Release;
		};
/* End XCBuildConfiguration section */

/* Begin XCConfigurationList section */
		FAADC2312873519E006CCF65 /* Build configuration list for PBXProject "MyFirstIOSApp" */ = {
			isa = XCConfigurationList;
			buildConfigurations = (
				FAADC242287351A0006CCF65 /* Debug */,
				FAADC243287351A0006CCF65 /* Release */,
			);
			defaultConfigurationIsVisible = 0;
			defaultConfigurationName = Release;
		};
		FAADC244287351A0006CCF65 /* Build configuration list for PBXNativeTarget "MyFirstIOSApp" */ = {
			isa = XCConfigurationList;
			buildConfigurations = (
				FAADC245287351A0006CCF65 /* Debug */,
				FAADC246287351A0006CCF65 /* Release */,
			);
			defaultConfigurationIsVisible = 0;
			defaultConfigurationName = Release;
		};
/* End XCConfigurationList section */
	};
	rootObject = FAADC22E2873519E006CCF65 /* Project object */;
}
